
Microsoft Visual Studio Solution File, Format Version 12.00
# Visual Studio Version 17
VisualStudioVersion = 17.6.33815.320
MinimumVisualStudioVersion = 10.0.40219.1
Project("{FAE04EC0-301F-11D3-BF4B-00C04F79EFBC}") = "WindowsFormsApp1", "WindowsFormsApp1\WindowsFormsApp1.csproj", "{BA77DA99-FF3C-46D1-AE5E-9F208F9BADB7}"
EndProject
Project("{FAE04EC0-301F-11D3-BF4B-00C04F79EFBC}") = "RedisApp", "RedisApp\RedisApp.csproj", "{238968FA-273B-4D88-B0D9-D134547ED18B}"
EndProject
Project("{FAE04EC0-301F-11D3-BF4B-00C04F79EFBC}") = "HttpApp", "HttpApp\HttpApp.csproj", "{CAAA014A-4925-472C-9316-7ED6E97A416A}"
EndProject
Project("{FAE04EC0-301F-11D3-BF4B-00C04F79EFBC}") = "WaterMark", "WaterMark\WaterMark.csproj", "{EC73CCA8-1F92-4496-BE8F-A76BF1A1203F}"
EndProject
Project("{FAE04EC0-301F-11D3-BF4B-00C04F79EFBC}") = "XamlTool", "XamlTool\XamlTool.csproj", "{F571E31D-F98E-49FD-8F6A-C970249AE8C1}"
EndProject
Project("{FAE04EC0-301F-11D3-BF4B-00C04F79EFBC}") = "MoveFile", "MoveFile\MoveFile.csproj", "{7CA379B5-8B8D-42CD-964C-AA603E8FC41F}"
EndProject
Project("{FAE04EC0-301F-11D3-BF4B-00C04F79EFBC}") = "MergeXml", "MergeXml\MergeXml.csproj", "{94BD2F19-FBC3-426E-8CD3-883ADA34052B}"
EndProject
Project("{FAE04EC0-301F-11D3-BF4B-00C04F79EFBC}") = "Duplicate", "Duplicate\Duplicate.csproj", "{06C2A722-9A5B-486D-BDC0-66774760CE3E}"
EndProject
Project("{FAE04EC0-301F-11D3-BF4B-00C04F79EFBC}") = "BookName", "BookName\BookName.csproj", "{22EA8D13-96AA-43A9-BB51-2A81BD9683D6}"
EndProject
Global
	GlobalSection(SolutionConfigurationPlatforms) = preSolution
		Debug|Any CPU = Debug|Any CPU
		Release|Any CPU = Release|Any CPU
	EndGlobalSection
	GlobalSection(ProjectConfigurationPlatforms) = postSolution
		{BA77DA99-FF3C-46D1-AE5E-9F208F9BADB7}.Debug|Any CPU.ActiveCfg = Debug|Any CPU
		{BA77DA99-FF3C-46D1-AE5E-9F208F9BADB7}.Debug|Any CPU.Build.0 = Debug|Any CPU
		{BA77DA99-FF3C-46D1-AE5E-9F208F9BADB7}.Release|Any CPU.ActiveCfg = Release|Any CPU
		{BA77DA99-FF3C-46D1-AE5E-9F208F9BADB7}.Release|Any CPU.Build.0 = Release|Any CPU
		{238968FA-273B-4D88-B0D9-D134547ED18B}.Debug|Any CPU.ActiveCfg = Debug|Any CPU
		{238968FA-273B-4D88-B0D9-D134547ED18B}.Debug|Any CPU.Build.0 = Debug|Any CPU
		{238968FA-273B-4D88-B0D9-D134547ED18B}.Release|Any CPU.ActiveCfg = Release|Any CPU
		{238968FA-273B-4D88-B0D9-D134547ED18B}.Release|Any CPU.Build.0 = Release|Any CPU
		{CAAA014A-4925-472C-9316-7ED6E97A416A}.Debug|Any CPU.ActiveCfg = Debug|Any CPU
		{CAAA014A-4925-472C-9316-7ED6E97A416A}.Debug|Any CPU.Build.0 = Debug|Any CPU
		{CAAA014A-4925-472C-9316-7ED6E97A416A}.Release|Any CPU.ActiveCfg = Release|Any CPU
		{CAAA014A-4925-472C-9316-7ED6E97A416A}.Release|Any CPU.Build.0 = Release|Any CPU
		{EC73CCA8-1F92-4496-BE8F-A76BF1A1203F}.Debug|Any CPU.ActiveCfg = Debug|Any CPU
		{EC73CCA8-1F92-4496-BE8F-A76BF1A1203F}.Debug|Any CPU.Build.0 = Debug|Any CPU
		{EC73CCA8-1F92-4496-BE8F-A76BF1A1203F}.Release|Any CPU.ActiveCfg = Release|Any CPU
		{EC73CCA8-1F92-4496-BE8F-A76BF1A1203F}.Release|Any CPU.Build.0 = Release|Any CPU
		{F571E31D-F98E-49FD-8F6A-C970249AE8C1}.Debug|Any CPU.ActiveCfg = Debug|Any CPU
		{F571E31D-F98E-49FD-8F6A-C970249AE8C1}.Debug|Any CPU.Build.0 = Debug|Any CPU
		{F571E31D-F98E-49FD-8F6A-C970249AE8C1}.Release|Any CPU.ActiveCfg = Release|Any CPU
		{F571E31D-F98E-49FD-8F6A-C970249AE8C1}.Release|Any CPU.Build.0 = Release|Any CPU
		{7CA379B5-8B8D-42CD-964C-AA603E8FC41F}.Debug|Any CPU.ActiveCfg = Debug|Any CPU
		{7CA379B5-8B8D-42CD-964C-AA603E8FC41F}.Debug|Any CPU.Build.0 = Debug|Any CPU
		{7CA379B5-8B8D-42CD-964C-AA603E8FC41F}.Release|Any CPU.ActiveCfg = Release|Any CPU
		{7CA379B5-8B8D-42CD-964C-AA603E8FC41F}.Release|Any CPU.Build.0 = Release|Any CPU
		{94BD2F19-FBC3-426E-8CD3-883ADA34052B}.Debug|Any CPU.ActiveCfg = Debug|Any CPU
		{94BD2F19-FBC3-426E-8CD3-883ADA34052B}.Debug|Any CPU.Build.0 = Debug|Any CPU
		{94BD2F19-FBC3-426E-8CD3-883ADA34052B}.Release|Any CPU.ActiveCfg = Release|Any CPU
		{94BD2F19-FBC3-426E-8CD3-883ADA34052B}.Release|Any CPU.Build.0 = Release|Any CPU
		{06C2A722-9A5B-486D-BDC0-66774760CE3E}.Debug|Any CPU.ActiveCfg = Debug|Any CPU
		{06C2A722-9A5B-486D-BDC0-66774760CE3E}.Debug|Any CPU.Build.0 = Debug|Any CPU
		{06C2A722-9A5B-486D-BDC0-66774760CE3E}.Release|Any CPU.ActiveCfg = Release|Any CPU
		{06C2A722-9A5B-486D-BDC0-66774760CE3E}.Release|Any CPU.Build.0 = Release|Any CPU
		{22EA8D13-96AA-43A9-BB51-2A81BD9683D6}.Debug|Any CPU.ActiveCfg = Debug|Any CPU
		{22EA8D13-96AA-43A9-BB51-2A81BD9683D6}.Debug|Any CPU.Build.0 = Debug|Any CPU
		{22EA8D13-96AA-43A9-BB51-2A81BD9683D6}.Release|Any CPU.ActiveCfg = Release|Any CPU
		{22EA8D13-96AA-43A9-BB51-2A81BD9683D6}.Release|Any CPU.Build.0 = Release|Any CPU
	EndGlobalSection
	GlobalSection(SolutionProperties) = preSolution
		HideSolutionNode = FALSE
	EndGlobalSection
	GlobalSection(ExtensibilityGlobals) = postSolution
		SolutionGuid = {02C3C3F8-A80F-436F-846C-3A935241F86E}
	EndGlobalSection
EndGlobal
